
Microsoft Visual Studio Solution File, Format Version 12.00
# Visual Studio Version 17
VisualStudioVersion = 17.10.34902.84
MinimumVisualStudioVersion = 10.0.40219.1
Project("{9A19103F-16F7-4668-BE54-9A1E7A4F7556}") = "Watch.Manager.AppHost", "src\Watch.Manager.AppHost\Watch.Manager.AppHost.csproj", "{288EB175-7B0A-4F29-905A-01722CA62B5D}"
EndProject
Project("{9A19103F-16F7-4668-BE54-9A1E7A4F7556}") = "Watch.Manager.ServiceDefaults", "src\Watch.Manager.ServiceDefaults\Watch.Manager.ServiceDefaults.csproj", "{866B0235-D0FC-4FE7-991C-55A8F92CBAA2}"
EndProject
Project("{9A19103F-16F7-4668-BE54-9A1E7A4F7556}") = "Watch.Manager.ApiService", "src\Watch.Manager.ApiService\Watch.Manager.ApiService.csproj", "{37D5880B-4B5E-4869-8DBA-8E2567DB8673}"
EndProject
Project("{9A19103F-16F7-4668-BE54-9A1E7A4F7556}") = "Watch.Manager.Web", "src\Watch.Manager.Web\Watch.Manager.Web.csproj", "{7FD132DA-0194-41F0-8222-11CAAAD3385D}"
EndProject
Project("{9A19103F-16F7-4668-BE54-9A1E7A4F7556}") = "Watch.Manager.Tests", "src\Watch.Manager.Tests\Watch.Manager.Tests.csproj", "{9D556102-0B3C-458A-80BF-7AC70C512738}"
EndProject
Project("{2150E333-8FDC-42A3-9474-1A3956D46DE8}") = "Éléments de solution", "Éléments de solution", "{35B19F6A-C8EA-4801-972F-39B8E00700A9}"
	ProjectSection(SolutionItems) = preProject
		.editorconfig = .editorconfig
		.gitignore = .gitignore
		Directory.Build.props = Directory.Build.props
		Directory.Build.targets = Directory.Build.targets
		Directory.Packages.props = Directory.Packages.props
		README.md = README.md
		stylecop.json = stylecop.json
	EndProjectSection
EndProject
Project("{2150E333-8FDC-42A3-9474-1A3956D46DE8}") = "Web", "Web", "{39D7E967-42EF-4CC6-9FEE-98B35C1B39AD}"
EndProject
Project("{2150E333-8FDC-42A3-9474-1A3956D46DE8}") = "Api", "Api", "{B5A652EE-F3FC-4CC3-92E6-2FDAAADBF358}"
EndProject
Project("{2150E333-8FDC-42A3-9474-1A3956D46DE8}") = "Host", "Host", "{C6086D0A-C518-4436-873B-26F2C9DC5BFD}"
EndProject
Project("{2150E333-8FDC-42A3-9474-1A3956D46DE8}") = "Tests", "Tests", "{B9B883E1-65AC-4724-AE80-F0A29503908F}"
EndProject
Project("{9A19103F-16F7-4668-BE54-9A1E7A4F7556}") = "Watch.Manager.Web.Services", "src\Watch.Manager.Web.Services\Watch.Manager.Web.Services.csproj", "{CFDAD237-FF2A-49D5-8BA9-48F6B9E2C817}"
EndProject
Project("{FAE04EC0-301F-11D3-BF4B-00C04F79EFBC}") = "Watch.Manager.Service.Analyse", "src\Watch.Manager.Service.Analyse\Watch.Manager.Service.Analyse.csproj", "{FC2A9E9A-C50E-4F0D-8CB2-7C5EC261F843}"
EndProject
Project("{FAE04EC0-301F-11D3-BF4B-00C04F79EFBC}") = "Watch.Manager.Service.Database", "src\Watch.Manager.Service.Database\Watch.Manager.Service.Database.csproj", "{96379E33-2CFA-8309-34AA-3C64F5B62872}"
EndProject
Project("{FAE04EC0-301F-11D3-BF4B-00C04F79EFBC}") = "Watch.Manager.Service.Migrations", "src\Watch.Manager.Service.Migrations\Watch.Manager.Service.Migrations.csproj", "{9A0DC755-AD2C-26D6-079E-12A38D620DEC}"
EndProject
Project("{2150E333-8FDC-42A3-9474-1A3956D46DE8}") = "Common", "Common", "{02EA681E-C7D8-13C7-8484-4AC65E1B71E8}"
EndProject
Project("{FAE04EC0-301F-11D3-BF4B-00C04F79EFBC}") = "Watch.Manager.Common", "src\Watch.Manager.Common\Watch.Manager.Common.csproj", "{D541243F-8AFB-4856-96C1-95886187FDE2}"
EndProject
Global
	GlobalSection(SolutionConfigurationPlatforms) = preSolution
		Debug|Any CPU = Debug|Any CPU
		Release|Any CPU = Release|Any CPU
	EndGlobalSection
	GlobalSection(ProjectConfigurationPlatforms) = postSolution
		{288EB175-7B0A-4F29-905A-01722CA62B5D}.Debug|Any CPU.ActiveCfg = Debug|Any CPU
		{288EB175-7B0A-4F29-905A-01722CA62B5D}.Debug|Any CPU.Build.0 = Debug|Any CPU
		{288EB175-7B0A-4F29-905A-01722CA62B5D}.Release|Any CPU.ActiveCfg = Release|Any CPU
		{288EB175-7B0A-4F29-905A-01722CA62B5D}.Release|Any CPU.Build.0 = Release|Any CPU
		{866B0235-D0FC-4FE7-991C-55A8F92CBAA2}.Debug|Any CPU.ActiveCfg = Debug|Any CPU
		{866B0235-D0FC-4FE7-991C-55A8F92CBAA2}.Debug|Any CPU.Build.0 = Debug|Any CPU
		{866B0235-D0FC-4FE7-991C-55A8F92CBAA2}.Release|Any CPU.ActiveCfg = Release|Any CPU
		{866B0235-D0FC-4FE7-991C-55A8F92CBAA2}.Release|Any CPU.Build.0 = Release|Any CPU
		{37D5880B-4B5E-4869-8DBA-8E2567DB8673}.Debug|Any CPU.ActiveCfg = Debug|Any CPU
		{37D5880B-4B5E-4869-8DBA-8E2567DB8673}.Debug|Any CPU.Build.0 = Debug|Any CPU
		{37D5880B-4B5E-4869-8DBA-8E2567DB8673}.Release|Any CPU.ActiveCfg = Release|Any CPU
		{37D5880B-4B5E-4869-8DBA-8E2567DB8673}.Release|Any CPU.Build.0 = Release|Any CPU
		{7FD132DA-0194-41F0-8222-11CAAAD3385D}.Debug|Any CPU.ActiveCfg = Debug|Any CPU
		{7FD132DA-0194-41F0-8222-11CAAAD3385D}.Debug|Any CPU.Build.0 = Debug|Any CPU
		{7FD132DA-0194-41F0-8222-11CAAAD3385D}.Release|Any CPU.ActiveCfg = Release|Any CPU
		{7FD132DA-0194-41F0-8222-11CAAAD3385D}.Release|Any CPU.Build.0 = Release|Any CPU
		{9D556102-0B3C-458A-80BF-7AC70C512738}.Debug|Any CPU.ActiveCfg = Debug|Any CPU
		{9D556102-0B3C-458A-80BF-7AC70C512738}.Debug|Any CPU.Build.0 = Debug|Any CPU
		{9D556102-0B3C-458A-80BF-7AC70C512738}.Release|Any CPU.ActiveCfg = Release|Any CPU
		{9D556102-0B3C-458A-80BF-7AC70C512738}.Release|Any CPU.Build.0 = Release|Any CPU
		{CFDAD237-FF2A-49D5-8BA9-48F6B9E2C817}.Debug|Any CPU.ActiveCfg = Debug|Any CPU
		{CFDAD237-FF2A-49D5-8BA9-48F6B9E2C817}.Debug|Any CPU.Build.0 = Debug|Any CPU
		{CFDAD237-FF2A-49D5-8BA9-48F6B9E2C817}.Release|Any CPU.ActiveCfg = Release|Any CPU
		{CFDAD237-FF2A-49D5-8BA9-48F6B9E2C817}.Release|Any CPU.Build.0 = Release|Any CPU
		{FC2A9E9A-C50E-4F0D-8CB2-7C5EC261F843}.Debug|Any CPU.ActiveCfg = Debug|Any CPU
		{FC2A9E9A-C50E-4F0D-8CB2-7C5EC261F843}.Debug|Any CPU.Build.0 = Debug|Any CPU
		{FC2A9E9A-C50E-4F0D-8CB2-7C5EC261F843}.Release|Any CPU.ActiveCfg = Release|Any CPU
		{FC2A9E9A-C50E-4F0D-8CB2-7C5EC261F843}.Release|Any CPU.Build.0 = Release|Any CPU
		{96379E33-2CFA-8309-34AA-3C64F5B62872}.Debug|Any CPU.ActiveCfg = Debug|Any CPU
		{96379E33-2CFA-8309-34AA-3C64F5B62872}.Debug|Any CPU.Build.0 = Debug|Any CPU
		{96379E33-2CFA-8309-34AA-3C64F5B62872}.Release|Any CPU.ActiveCfg = Release|Any CPU
		{96379E33-2CFA-8309-34AA-3C64F5B62872}.Release|Any CPU.Build.0 = Release|Any CPU
		{9A0DC755-AD2C-26D6-079E-12A38D620DEC}.Debug|Any CPU.ActiveCfg = Debug|Any CPU
		{9A0DC755-AD2C-26D6-079E-12A38D620DEC}.Debug|Any CPU.Build.0 = Debug|Any CPU
		{9A0DC755-AD2C-26D6-079E-12A38D620DEC}.Release|Any CPU.ActiveCfg = Release|Any CPU
		{9A0DC755-AD2C-26D6-079E-12A38D620DEC}.Release|Any CPU.Build.0 = Release|Any CPU
		{D541243F-8AFB-4856-96C1-95886187FDE2}.Debug|Any CPU.ActiveCfg = Debug|Any CPU
		{D541243F-8AFB-4856-96C1-95886187FDE2}.Debug|Any CPU.Build.0 = Debug|Any CPU
		{D541243F-8AFB-4856-96C1-95886187FDE2}.Release|Any CPU.ActiveCfg = Release|Any CPU
		{D541243F-8AFB-4856-96C1-95886187FDE2}.Release|Any CPU.Build.0 = Release|Any CPU
	EndGlobalSection
	GlobalSection(SolutionProperties) = preSolution
		HideSolutionNode = FALSE
	EndGlobalSection
	GlobalSection(NestedProjects) = preSolution
		{288EB175-7B0A-4F29-905A-01722CA62B5D} = {C6086D0A-C518-4436-873B-26F2C9DC5BFD}
		{866B0235-D0FC-4FE7-991C-55A8F92CBAA2} = {C6086D0A-C518-4436-873B-26F2C9DC5BFD}
		{37D5880B-4B5E-4869-8DBA-8E2567DB8673} = {B5A652EE-F3FC-4CC3-92E6-2FDAAADBF358}
		{7FD132DA-0194-41F0-8222-11CAAAD3385D} = {39D7E967-42EF-4CC6-9FEE-98B35C1B39AD}
		{9D556102-0B3C-458A-80BF-7AC70C512738} = {B9B883E1-65AC-4724-AE80-F0A29503908F}
		{CFDAD237-FF2A-49D5-8BA9-48F6B9E2C817} = {39D7E967-42EF-4CC6-9FEE-98B35C1B39AD}
		{FC2A9E9A-C50E-4F0D-8CB2-7C5EC261F843} = {B5A652EE-F3FC-4CC3-92E6-2FDAAADBF358}
		{96379E33-2CFA-8309-34AA-3C64F5B62872} = {B5A652EE-F3FC-4CC3-92E6-2FDAAADBF358}
		{9A0DC755-AD2C-26D6-079E-12A38D620DEC} = {B5A652EE-F3FC-4CC3-92E6-2FDAAADBF358}
		{D541243F-8AFB-4856-96C1-95886187FDE2} = {02EA681E-C7D8-13C7-8484-4AC65E1B71E8}
	EndGlobalSection
	GlobalSection(ExtensibilityGlobals) = postSolution
		SolutionGuid = {F9349863-F359-4E24-90AC-A2B3E75B6BC5}
	EndGlobalSection
EndGlobal
